// !$*UTF8*$!
{
	archiveVersion = 1;
	classes = {
	};
	objectVersion = 46;
	objects = {

/* Begin PBXBuildFile section */
		93083F611D36D255002F9310 /* TipController.swift in Sources */ = {isa = PBXBuildFile; fileRef = 93083F601D36D255002F9310 /* TipController.swift */; };
		9344BF3F1D3703E00054975E /* Main.storyboard in Resources */ = {isa = PBXBuildFile; fileRef = 9344BF3D1D3703E00054975E /* Main.storyboard */; };
		939BB1371D35F85A00A56315 /* AppDelegate.swift in Sources */ = {isa = PBXBuildFile; fileRef = 939BB1361D35F85A00A56315 /* AppDelegate.swift */; };
		939BB1411D35F85A00A56315 /* LaunchScreen.storyboard in Resources */ = {isa = PBXBuildFile; fileRef = 939BB13F1D35F85A00A56315 /* LaunchScreen.storyboard */; };
		939BB14D1D3602BB00A56315 /* TableViewController.swift in Sources */ = {isa = PBXBuildFile; fileRef = 939BB14C1D3602BB00A56315 /* TableViewController.swift */; };
		939F78B91D3D903800B25E58 /* Media.xcassets in Resources */ = {isa = PBXBuildFile; fileRef = 939F78B81D3D903800B25E58 /* Media.xcassets */; };
/* End PBXBuildFile section */

/* Begin PBXFileReference section */
		93083F601D36D255002F9310 /* TipController.swift */ = {isa = PBXFileReference; fileEncoding = 4; lastKnownFileType = sourcecode.swift; path = TipController.swift; sourceTree = "<group>"; };
		9344BF3E1D3703E00054975E /* Base */ = {isa = PBXFileReference; lastKnownFileType = file.storyboard; name = Base; path = Base.lproj/Main.storyboard; sourceTree = "<group>"; };
		939BB1331D35F85A00A56315 /* Guide2Go.app */ = {isa = PBXFileReference; explicitFileType = wrapper.application; includeInIndex = 0; path = Guide2Go.app; sourceTree = BUILT_PRODUCTS_DIR; };
		939BB1361D35F85A00A56315 /* AppDelegate.swift */ = {isa = PBXFileReference; lastKnownFileType = sourcecode.swift; path = AppDelegate.swift; sourceTree = "<group>"; };
		939BB1401D35F85A00A56315 /* Base */ = {isa = PBXFileReference; lastKnownFileType = file.storyboard; name = Base; path = Base.lproj/LaunchScreen.storyboard; sourceTree = "<group>"; };
		939BB1421D35F85A00A56315 /* Info.plist */ = {isa = PBXFileReference; lastKnownFileType = text.plist.xml; path = Info.plist; sourceTree = "<group>"; };
		939BB14C1D3602BB00A56315 /* TableViewController.swift */ = {isa = PBXFileReference; fileEncoding = 4; lastKnownFileType = sourcecode.swift; name = TableViewController.swift; path = ../TableViewController.swift; sourceTree = "<group>"; };
		939F78B81D3D903800B25E58 /* Media.xcassets */ = {isa = PBXFileReference; lastKnownFileType = folder.assetcatalog; path = Media.xcassets; sourceTree = "<group>"; };
/* End PBXFileReference section */

/* Begin PBXFrameworksBuildPhase section */
		939BB1301D35F85A00A56315 /* Frameworks */ = {
			isa = PBXFrameworksBuildPhase;
			buildActionMask = 2147483647;
			files = (
			);
			runOnlyForDeploymentPostprocessing = 0;
		};
/* End PBXFrameworksBuildPhase section */

/* Begin PBXGroup section */
		939BB12A1D35F85A00A56315 = {
			isa = PBXGroup;
			children = (
				939BB1351D35F85A00A56315 /* Guide2Go */,
				939BB1341D35F85A00A56315 /* Products */,
			);
			sourceTree = "<group>";
		};
		939BB1341D35F85A00A56315 /* Products */ = {
			isa = PBXGroup;
			children = (
				939BB1331D35F85A00A56315 /* Guide2Go.app */,
			);
			name = Products;
			sourceTree = "<group>";
		};
		939BB1351D35F85A00A56315 /* Guide2Go */ = {
			isa = PBXGroup;
			children = (
				939BB1361D35F85A00A56315 /* AppDelegate.swift */,
				939BB14C1D3602BB00A56315 /* TableViewController.swift */,
				93083F601D36D255002F9310 /* TipController.swift */,
				9344BF3D1D3703E00054975E /* Main.storyboard */,
				939F78B81D3D903800B25E58 /* Media.xcassets */,
				939BB13F1D35F85A00A56315 /* LaunchScreen.storyboard */,
				939BB1421D35F85A00A56315 /* Info.plist */,
			);
			path = Guide2Go;
			sourceTree = "<group>";
		};
/* End PBXGroup section */

/* Begin PBXNativeTarget section */
		939BB1321D35F85A00A56315 /* Guide2Go */ = {
			isa = PBXNativeTarget;
			buildConfigurationList = 939BB1451D35F85A00A56315 /* Build configuration list for PBXNativeTarget "Guide2Go" */;
			buildPhases = (
				939BB12F1D35F85A00A56315 /* Sources */,
				939BB1301D35F85A00A56315 /* Frameworks */,
				939BB1311D35F85A00A56315 /* Resources */,
			);
			buildRules = (
			);
			dependencies = (
			);
			name = Guide2Go;
			productName = Guide2Go;
			productReference = 939BB1331D35F85A00A56315 /* Guide2Go.app */;
			productType = "com.apple.product-type.application";
		};
/* End PBXNativeTarget section */

/* Begin PBXProject section */
		939BB12B1D35F85A00A56315 /* Project object */ = {
			isa = PBXProject;
			attributes = {
				LastSwiftUpdateCheck = 0730;
				LastUpgradeCheck = 0830;
				ORGANIZATIONNAME = "Bryan Johnson";
				TargetAttributes = {
					939BB1321D35F85A00A56315 = {
						CreatedOnToolsVersion = 7.3.1;
						DevelopmentTeam = HL4KD6CP4Q;
						LastSwiftMigration = 0830;
					};
				};
			};
			buildConfigurationList = 939BB12E1D35F85A00A56315 /* Build configuration list for PBXProject "Guide2Go" */;
			compatibilityVersion = "Xcode 3.2";
			developmentRegion = English;
			hasScannedForEncodings = 0;
			knownRegions = (
				en,
				Base,
			);
			mainGroup = 939BB12A1D35F85A00A56315;
			productRefGroup = 939BB1341D35F85A00A56315 /* Products */;
			projectDirPath = "";
			projectRoot = "";
			targets = (
				939BB1321D35F85A00A56315 /* Guide2Go */,
			);
		};
/* End PBXProject section */

/* Begin PBXResourcesBuildPhase section */
		939BB1311D35F85A00A56315 /* Resources */ = {
			isa = PBXResourcesBuildPhase;
			buildActionMask = 2147483647;
			files = (
				9344BF3F1D3703E00054975E /* Main.storyboard in Resources */,
				939F78B91D3D903800B25E58 /* Media.xcassets in Resources */,
				939BB1411D35F85A00A56315 /* LaunchScreen.storyboard in Resources */,
			);
			runOnlyForDeploymentPostprocessing = 0;
		};
/* End PBXResourcesBuildPhase section */

/* Begin PBXSourcesBuildPhase section */
		939BB12F1D35F85A00A56315 /* Sources */ = {
			isa = PBXSourcesBuildPhase;
			buildActionMask = 2147483647;
			files = (
				939BB1371D35F85A00A56315 /* AppDelegate.swift in Sources */,
				939BB14D1D3602BB00A56315 /* TableViewController.swift in Sources */,
				93083F611D36D255002F9310 /* TipController.swift in Sources */,
			);
			runOnlyForDeploymentPostprocessing = 0;
		};
/* End PBXSourcesBuildPhase section */

/* Begin PBXVariantGroup section */
		9344BF3D1D3703E00054975E /* Main.storyboard */ = {
			isa = PBXVariantGroup;
			children = (
				9344BF3E1D3703E00054975E /* Base */,
			);
			name = Main.storyboard;
			sourceTree = "<group>";
		};
		939BB13F1D35F85A00A56315 /* LaunchScreen.storyboard */ = {
			isa = PBXVariantGroup;
			children = (
				939BB1401D35F85A00A56315 /* Base */,
			);
			name = LaunchScreen.storyboard;
			sourceTree = "<group>";
		};
/* End PBXVariantGroup section */

/* Begin XCBuildConfiguration section */
		939BB1431D35F85A00A56315 /* Debug */ = {
			isa = XCBuildConfiguration;
			buildSettings = {
				ALWAYS_SEARCH_USER_PATHS = NO;
				CLANG_ANALYZER_NONNULL = YES;
				CLANG_CXX_LANGUAGE_STANDARD = "gnu++0x";
				CLANG_CXX_LIBRARY = "libc++";
				CLANG_ENABLE_MODULES = YES;
				CLANG_ENABLE_OBJC_ARC = YES;
				CLANG_WARN_BOOL_CONVERSION = YES;
				CLANG_WARN_CONSTANT_CONVERSION = YES;
				CLANG_WARN_DIRECT_OBJC_ISA_USAGE = YES_ERROR;
				CLANG_WARN_EMPTY_BODY = YES;
				CLANG_WARN_ENUM_CONVERSION = YES;
				CLANG_WARN_INFINITE_RECURSION = YES;
				CLANG_WARN_INT_CONVERSION = YES;
				CLANG_WARN_OBJC_ROOT_CLASS = YES_ERROR;
				CLANG_WARN_SUSPICIOUS_MOVE = YES;
				CLANG_WARN_UNREACHABLE_CODE = YES;
				CLANG_WARN__DUPLICATE_METHOD_MATCH = YES;
				"CODE_SIGN_IDENTITY[sdk=iphoneos*]" = "iPhone Developer";
				COPY_PHASE_STRIP = NO;
				DEBUG_INFORMATION_FORMAT = dwarf;
				ENABLE_STRICT_OBJC_MSGSEND = YES;
				ENABLE_TESTABILITY = YES;
				GCC_C_LANGUAGE_STANDARD = gnu99;
				GCC_DYNAMIC_NO_PIC = NO;
				GCC_NO_COMMON_BLOCKS = YES;
				GCC_OPTIMIZATION_LEVEL = 0;
				GCC_PREPROCESSOR_DEFINITIONS = (
					"DEBUG=1",
					"$(inherited)",
				);
				GCC_WARN_64_TO_32_BIT_CONVERSION = YES;
				GCC_WARN_ABOUT_RETURN_TYPE = YES_ERROR;
				GCC_WARN_UNDECLARED_SELECTOR = YES;
				GCC_WARN_UNINITIALIZED_AUTOS = YES_AGGRESSIVE;
				GCC_WARN_UNUSED_FUNCTION = YES;
				GCC_WARN_UNUSED_VARIABLE = YES;
				IPHONEOS_DEPLOYMENT_TARGET = 9.3;
				MTL_ENABLE_DEBUG_INFO = YES;
				ONLY_ACTIVE_ARCH = YES;
				SDKROOT = iphoneos;
				SWIFT_OPTIMIZATION_LEVEL = "-Onone";
				TARGETED_DEVICE_FAMILY = "1,2";
			};
			name = Debug;
		};
		939BB1441D35F85A00A56315 /* Release */ = {
			isa = XCBuildConfiguration;
			buildSettings = {
				ALWAYS_SEARCH_USER_PATHS = NO;
				CLANG_ANALYZER_NONNULL = YES;
				CLANG_CXX_LANGUAGE_STANDARD = "gnu++0x";
				CLANG_CXX_LIBRARY = "libc++";
				CLANG_ENABLE_MODULES = YES;
				CLANG_ENABLE_OBJC_ARC = YES;
				CLANG_WARN_BOOL_CONVERSION = YES;
				CLANG_WARN_CONSTANT_CONVERSION = YES;
				CLANG_WARN_DIRECT_OBJC_ISA_USAGE = YES_ERROR;
				CLANG_WARN_EMPTY_BODY = YES;
				CLANG_WARN_ENUM_CONVERSION = YES;
				CLANG_WARN_INFINITE_RECURSION = YES;
				CLANG_WARN_INT_CONVERSION = YES;
				CLANG_WARN_OBJC_ROOT_CLASS = YES_ERROR;
				CLANG_WARN_SUSPICIOUS_MOVE = YES;
				CLANG_WARN_UNREACHABLE_CODE = YES;
				CLANG_WARN__DUPLICATE_METHOD_MATCH = YES;
				"CODE_SIGN_IDENTITY[sdk=iphoneos*]" = "iPhone Developer";
				COPY_PHASE_STRIP = NO;
				DEBUG_INFORMATION_FORMAT = "dwarf-with-dsym";
				ENABLE_NS_ASSERTIONS = NO;
				ENABLE_STRICT_OBJC_MSGSEND = YES;
				GCC_C_LANGUAGE_STANDARD = gnu99;
				GCC_NO_COMMON_BLOCKS = YES;
				GCC_WARN_64_TO_32_BIT_CONVERSION = YES;
				GCC_WARN_ABOUT_RETURN_TYPE = YES_ERROR;
				GCC_WARN_UNDECLARED_SELECTOR = YES;
				GCC_WARN_UNINITIALIZED_AUTOS = YES_AGGRESSIVE;
				GCC_WARN_UNUSED_FUNCTION = YES;
				GCC_WARN_UNUSED_VARIABLE = YES;
				IPHONEOS_DEPLOYMENT_TARGET = 9.3;
				MTL_ENABLE_DEBUG_INFO = NO;
				SDKROOT = iphoneos;
				SWIFT_OPTIMIZATION_LEVEL = "-Owholemodule";
				TARGETED_DEVICE_FAMILY = "1,2";
				VALIDATE_PRODUCT = YES;
			};
			name = Release;
		};
		939BB1461D35F85A00A56315 /* Debug */ = {
			isa = XCBuildConfiguration;
			buildSettings = {
				ASSETCATALOG_COMPILER_APPICON_NAME = AppIcon;
				CODE_SIGN_IDENTITY = "iPhone Developer";
				"CODE_SIGN_IDENTITY[sdk=iphoneos*]" = "iPhone Developer";
				INFOPLIST_FILE = Guide2Go/Info.plist;
				LD_RUNPATH_SEARCH_PATHS = "$(inherited) @executable_path/Frameworks";
				PRODUCT_BUNDLE_IDENTIFIER = com.misterbryguy.Guide2Go;
				PRODUCT_NAME = "$(TARGET_NAME)";
				PROVISIONING_PROFILE = "";
				SWIFT_VERSION = 3.0;
			};
			name = Debug;
		};
		939BB1471D35F85A00A56315 /* Release */ = {
			isa = XCBuildConfiguration;
			buildSettings = {
				ASSETCATALOG_COMPILER_APPICON_NAME = AppIcon;
				CODE_SIGN_IDENTITY = "iPhone Developer";
				"CODE_SIGN_IDENTITY[sdk=iphoneos*]" = "iPhone Developer";
				INFOPLIST_FILE = Guide2Go/Info.plist;
				LD_RUNPATH_SEARCH_PATHS = "$(inherited) @executable_path/Frameworks";
				PRODUCT_BUNDLE_IDENTIFIER = com.misterbryguy.Guide2Go;
				PRODUCT_NAME = "$(TARGET_NAME)";
				PROVISIONING_PROFILE = "";
				SWIFT_VERSION = 3.0;
			};
			name = Release;
		};
/* End XCBuildConfiguration section */

/* Begin XCConfigurationList section */
		939BB12E1D35F85A00A56315 /* Build configuration list for PBXProject "Guide2Go" */ = {
			isa = XCConfigurationList;
			buildConfigurations = (
				939BB1431D35F85A00A56315 /* Debug */,
				939BB1441D35F85A00A56315 /* Release */,
			);
			defaultConfigurationIsVisible = 0;
			defaultConfigurationName = Release;
		};
		939BB1451D35F85A00A56315 /* Build configuration list for PBXNativeTarget "Guide2Go" */ = {
			isa = XCConfigurationList;
			buildConfigurations = (
				939BB1461D35F85A00A56315 /* Debug */,
				939BB1471D35F85A00A56315 /* Release */,
			);
			defaultConfigurationIsVisible = 0;
			defaultConfigurationName = Release;
		};
/* End XCConfigurationList section */
	};
	rootObject = 939BB12B1D35F85A00A56315 /* Project object */;
}
